
Microsoft Visual Studio Solution File, Format Version 12.00
# Visual Studio 15
VisualStudioVersion = 15.0.28307.1209
MinimumVisualStudioVersion = 10.0.40219.1
Project("{FAE04EC0-301F-11D3-BF4B-00C04F79EFBC}") = "ScreenScraper", "ScreenScraper.csproj", "{4491C280-6D9D-495C-AE92-96D2B1FC6094}"
EndProject
Project("{9A19103F-16F7-4668-BE54-9A1E7A4F7556}") = "Coord", "..\Coord\Coord\Coord.csproj", "{B6130C55-D136-4B6E-85E2-C415E88BE255}"
EndProject
Global
	GlobalSection(SolutionConfigurationPlatforms) = preSolution
		Debug|Any CPU = Debug|Any CPU
		Release|Any CPU = Release|Any CPU
	EndGlobalSection
	GlobalSection(ProjectConfigurationPlatforms) = postSolution
		{4491C280-6D9D-495C-AE92-96D2B1FC6094}.Debug|Any CPU.ActiveCfg = Debug|Any CPU
		{4491C280-6D9D-495C-AE92-96D2B1FC6094}.Debug|Any CPU.Build.0 = Debug|Any CPU
		{4491C280-6D9D-495C-AE92-96D2B1FC6094}.Release|Any CPU.ActiveCfg = Release|Any CPU
		{4491C280-6D9D-495C-AE92-96D2B1FC6094}.Release|Any CPU.Build.0 = Release|Any CPU
		{B6130C55-D136-4B6E-85E2-C415E88BE255}.Debug|Any CPU.ActiveCfg = Debug|Any CPU
		{B6130C55-D136-4B6E-85E2-C415E88BE255}.Debug|Any CPU.Build.0 = Debug|Any CPU
		{B6130C55-D136-4B6E-85E2-C415E88BE255}.Release|Any CPU.ActiveCfg = Release|Any CPU
		{B6130C55-D136-4B6E-85E2-C415E88BE255}.Release|Any CPU.Build.0 = Release|Any CPU
	EndGlobalSection
	GlobalSection(SolutionProperties) = preSolution
		HideSolutionNode = FALSE
	EndGlobalSection
	GlobalSection(ExtensibilityGlobals) = postSolution
		SolutionGuid = {ACBEFD52-B2C4-4A98-A5AE-9EAB32C19EA6}
	EndGlobalSection
EndGlobal
