
Microsoft Visual Studio Solution File, Format Version 12.00
# Visual Studio 15
VisualStudioVersion = 15.0.28307.1209
MinimumVisualStudioVersion = 10.0.40219.1
Project("{FAE04EC0-301F-11D3-BF4B-00C04F79EFBC}") = "ScreenScraper", "ScreenScraper.csproj", "{4491C280-6D9D-495C-AE92-96D2B1FC6094}"
EndProject
Project("{2150E333-8FDC-42A3-9474-1A3956D46DE8}") = "Solution Items", "Solution Items", "{B3A22107-899A-4D87-9090-020617C6BBCE}"
	ProjectSection(SolutionItems) = preProject
		changelog.txt = changelog.txt
		LICENSE = LICENSE
		README.md = README.md
	EndProjectSection
EndProject
Global
	GlobalSection(SolutionConfigurationPlatforms) = preSolution
		Debug|Any CPU = Debug|Any CPU
		Release|Any CPU = Release|Any CPU
	EndGlobalSection
	GlobalSection(ProjectConfigurationPlatforms) = postSolution
		{4491C280-6D9D-495C-AE92-96D2B1FC6094}.Debug|Any CPU.ActiveCfg = Debug|Any CPU
		{4491C280-6D9D-495C-AE92-96D2B1FC6094}.Debug|Any CPU.Build.0 = Debug|Any CPU
		{4491C280-6D9D-495C-AE92-96D2B1FC6094}.Release|Any CPU.ActiveCfg = Release|Any CPU
		{4491C280-6D9D-495C-AE92-96D2B1FC6094}.Release|Any CPU.Build.0 = Release|Any CPU
	EndGlobalSection
	GlobalSection(SolutionProperties) = preSolution
		HideSolutionNode = FALSE
	EndGlobalSection
	GlobalSection(ExtensibilityGlobals) = postSolution
		SolutionGuid = {ACBEFD52-B2C4-4A98-A5AE-9EAB32C19EA6}
	EndGlobalSection
EndGlobal
